
Microsoft Visual Studio Solution File, Format Version 12.00
# Visual Studio Version 16
VisualStudioVersion = 16.0.29920.165
MinimumVisualStudioVersion = 10.0.40219.1
Project("{8BC9CEB8-8B4A-11D0-8D11-00A0C91BC942}") = "magazin", "magazin\magazin.vcxproj", "{45EBE61C-17F2-4F35-92D8-CF90CF900F6C}"
EndProject
Global
	GlobalSection(SolutionConfigurationPlatforms) = preSolution
		Debug|x64 = Debug|x64
		Debug|x86 = Debug|x86
		Release|x64 = Release|x64
		Release|x86 = Release|x86
	EndGlobalSection
	GlobalSection(ProjectConfigurationPlatforms) = postSolution
		{45EBE61C-17F2-4F35-92D8-CF90CF900F6C}.Debug|x64.ActiveCfg = Debug|x64
		{45EBE61C-17F2-4F35-92D8-CF90CF900F6C}.Debug|x64.Build.0 = Debug|x64
		{45EBE61C-17F2-4F35-92D8-CF90CF900F6C}.Debug|x86.ActiveCfg = Debug|Win32
		{45EBE61C-17F2-4F35-92D8-CF90CF900F6C}.Debug|x86.Build.0 = Debug|Win32
		{45EBE61C-17F2-4F35-92D8-CF90CF900F6C}.Release|x64.ActiveCfg = Release|x64
		{45EBE61C-17F2-4F35-92D8-CF90CF900F6C}.Release|x64.Build.0 = Release|x64
		{45EBE61C-17F2-4F35-92D8-CF90CF900F6C}.Release|x86.ActiveCfg = Release|Win32
		{45EBE61C-17F2-4F35-92D8-CF90CF900F6C}.Release|x86.Build.0 = Release|Win32
	EndGlobalSection
	GlobalSection(SolutionProperties) = preSolution
		HideSolutionNode = FALSE
	EndGlobalSection
	GlobalSection(ExtensibilityGlobals) = postSolution
		SolutionGuid = {FC2CA427-3218-4BA9-A267-912D87700C05}
	EndGlobalSection
EndGlobal
